lockfileVersion: '6.0'

settings:
  autoInstallPeers: true
  excludeLinksFromLockfile: false

dependencies:
  fast-xml-parser:
    specifier: ^4.5.0
    version: 4.5.0
  graphql-request:
    specifier: ^7.1.0
    version: 7.1.0(graphql@16.9.0)
  openai:
    specifier: ^4.63.0
    version: 4.63.0

devDependencies:
  '@biomejs/biome':
    specifier: 1.9.2
    version: 1.9.2
  tsx:
    specifier: ^4.19.1
    version: 4.19.1
  typescript:
    specifier: ^5.6.2
    version: 5.6.2

packages:

  /@biomejs/biome@1.9.2:
    resolution: {integrity: sha512-4j2Gfwft8Jqp1X0qLYvK4TEy4xhTo4o6rlvJPsjPeEame8gsmbGQfOPBkw7ur+7/Z/f0HZmCZKqbMvR7vTXQYQ==}
    engines: {node: '>=14.21.3'}
    hasBin: true
    requiresBuild: true
    optionalDependencies:
      '@biomejs/cli-darwin-arm64': 1.9.2
      '@biomejs/cli-darwin-x64': 1.9.2
      '@biomejs/cli-linux-arm64': 1.9.2
      '@biomejs/cli-linux-arm64-musl': 1.9.2
      '@biomejs/cli-linux-x64': 1.9.2
      '@biomejs/cli-linux-x64-musl': 1.9.2
      '@biomejs/cli-win32-arm64': 1.9.2
      '@biomejs/cli-win32-x64': 1.9.2
    dev: true

  /@biomejs/cli-darwin-arm64@1.9.2:
    resolution: {integrity: sha512-rbs9uJHFmhqB3Td0Ro+1wmeZOHhAPTL3WHr8NtaVczUmDhXkRDWScaxicG9+vhSLj1iLrW47itiK6xiIJy6vaA==}
    engines: {node: '>=14.21.3'}
    cpu: [arm64]
    os: [darwin]
    requiresBuild: true
    dev: true
    optional: true

  /@biomejs/cli-darwin-x64@1.9.2:
    resolution: {integrity: sha512-BlfULKijNaMigQ9GH9fqJVt+3JTDOSiZeWOQtG/1S1sa8Lp046JHG3wRJVOvekTPL9q/CNFW1NVG8J0JN+L1OA==}
    engines: {node: '>=14.21.3'}
    cpu: [x64]
    os: [darwin]
    requiresBuild: true
    dev: true
    optional: true

  /@biomejs/cli-linux-arm64-musl@1.9.2:
    resolution: {integrity: sha512-ZATvbUWhNxegSALUnCKWqetTZqrK72r2RsFD19OK5jXDj/7o1hzI1KzDNG78LloZxftrwr3uI9SqCLh06shSZw==}
    engines: {node: '>=14.21.3'}
    cpu: [arm64]
    os: [linux]
    requiresBuild: true
    dev: true
    optional: true

  /@biomejs/cli-linux-arm64@1.9.2:
    resolution: {integrity: sha512-T8TJuSxuBDeQCQzxZu2o3OU4eyLumTofhCxxFd3+aH2AEWVMnH7Z/c3QP1lHI5RRMBP9xIJeMORqDQ5j+gVZzw==}
    engines: {node: '>=14.21.3'}
    cpu: [arm64]
    os: [linux]
    requiresBuild: true
    dev: true
    optional: true

  /@biomejs/cli-linux-x64-musl@1.9.2:
    resolution: {integrity: sha512-CjPM6jT1miV5pry9C7qv8YJk0FIZvZd86QRD3atvDgfgeh9WQU0k2Aoo0xUcPdTnoz0WNwRtDicHxwik63MmSg==}
    engines: {node: '>=14.21.3'}
    cpu: [x64]
    os: [linux]
    requiresBuild: true
    dev: true
    optional: true

  /@biomejs/cli-linux-x64@1.9.2:
    resolution: {integrity: sha512-T0cPk3C3Jr2pVlsuQVTBqk2qPjTm8cYcTD9p/wmR9MeVqui1C/xTVfOIwd3miRODFMrJaVQ8MYSXnVIhV9jTjg==}
    engines: {node: '>=14.21.3'}
    cpu: [x64]
    os: [linux]
    requiresBuild: true
    dev: true
    optional: true

  /@biomejs/cli-win32-arm64@1.9.2:
    resolution: {integrity: sha512-2x7gSty75bNIeD23ZRPXyox6Z/V0M71ObeJtvQBhi1fgrvPdtkEuw7/0wEHg6buNCubzOFuN9WYJm6FKoUHfhg==}
    engines: {node: '>=14.21.3'}
    cpu: [arm64]
    os: [win32]
    requiresBuild: true
    dev: true
    optional: true

  /@biomejs/cli-win32-x64@1.9.2:
    resolution: {integrity: sha512-JC3XvdYcjmu1FmAehVwVV0SebLpeNTnO2ZaMdGCSOdS7f8O9Fq14T2P1gTG1Q29Q8Dt1S03hh0IdVpIZykOL8g==}
    engines: {node: '>=14.21.3'}
    cpu: [x64]
    os: [win32]
    requiresBuild: true
    dev: true
    optional: true

  /@esbuild/aix-ppc64@0.23.1:
    resolution: {integrity: sha512-6VhYk1diRqrhBAqpJEdjASR/+WVRtfjpqKuNw11cLiaWpAT/Uu+nokB+UJnevzy/P9C/ty6AOe0dwueMrGh/iQ==}
    engines: {node: '>=18'}
    cpu: [ppc64]
    os: [aix]
    requiresBuild: true
    dev: true
    optional: true

  /@esbuild/android-arm64@0.23.1:
    resolution: {integrity: sha512-xw50ipykXcLstLeWH7WRdQuysJqejuAGPd30vd1i5zSyKK3WE+ijzHmLKxdiCMtH1pHz78rOg0BKSYOSB/2Khw==}
    engines: {node: '>=18'}
    cpu: [arm64]
    os: [android]
    requiresBuild: true
    dev: true
    optional: true

  /@esbuild/android-arm@0.23.1:
    resolution: {integrity: sha512-uz6/tEy2IFm9RYOyvKl88zdzZfwEfKZmnX9Cj1BHjeSGNuGLuMD1kR8y5bteYmwqKm1tj8m4cb/aKEorr6fHWQ==}
    engines: {node: '>=18'}
    cpu: [arm]
    os: [android]
    requiresBuild: true
    dev: true
    optional: true

  /@esbuild/android-x64@0.23.1:
    resolution: {integrity: sha512-nlN9B69St9BwUoB+jkyU090bru8L0NA3yFvAd7k8dNsVH8bi9a8cUAUSEcEEgTp2z3dbEDGJGfP6VUnkQnlReg==}
    engines: {node: '>=18'}
    cpu: [x64]
    os: [android]
    requiresBuild: true
    dev: true
    optional: true

  /@esbuild/darwin-arm64@0.23.1:
    resolution: {integrity: sha512-YsS2e3Wtgnw7Wq53XXBLcV6JhRsEq8hkfg91ESVadIrzr9wO6jJDMZnCQbHm1Guc5t/CdDiFSSfWP58FNuvT3Q==}
    engines: {node: '>=18'}
    cpu: [arm64]
    os: [darwin]
    requiresBuild: true
    dev: true
    optional: true

  /@esbuild/darwin-x64@0.23.1:
    resolution: {integrity: sha512-aClqdgTDVPSEGgoCS8QDG37Gu8yc9lTHNAQlsztQ6ENetKEO//b8y31MMu2ZaPbn4kVsIABzVLXYLhCGekGDqw==}
    engines: {node: '>=18'}
    cpu: [x64]
    os: [darwin]
    requiresBuild: true
    dev: true
    optional: true

  /@esbuild/freebsd-arm64@0.23.1:
    resolution: {integrity: sha512-h1k6yS8/pN/NHlMl5+v4XPfikhJulk4G+tKGFIOwURBSFzE8bixw1ebjluLOjfwtLqY0kewfjLSrO6tN2MgIhA==}
    engines: {node: '>=18'}
    cpu: [arm64]
    os: [freebsd]
    requiresBuild: true
    dev: true
    optional: true

  /@esbuild/freebsd-x64@0.23.1:
    resolution: {integrity: sha512-lK1eJeyk1ZX8UklqFd/3A60UuZ/6UVfGT2LuGo3Wp4/z7eRTRYY+0xOu2kpClP+vMTi9wKOfXi2vjUpO1Ro76g==}
    engines: {node: '>=18'}
    cpu: [x64]
    os: [freebsd]
    requiresBuild: true
    dev: true
    optional: true

  /@esbuild/linux-arm64@0.23.1:
    resolution: {integrity: sha512-/93bf2yxencYDnItMYV/v116zff6UyTjo4EtEQjUBeGiVpMmffDNUyD9UN2zV+V3LRV3/on4xdZ26NKzn6754g==}
    engines: {node: '>=18'}
    cpu: [arm64]
    os: [linux]
    requiresBuild: true
    dev: true
    optional: true

  /@esbuild/linux-arm@0.23.1:
    resolution: {integrity: sha512-CXXkzgn+dXAPs3WBwE+Kvnrf4WECwBdfjfeYHpMeVxWE0EceB6vhWGShs6wi0IYEqMSIzdOF1XjQ/Mkm5d7ZdQ==}
    engines: {node: '>=18'}
    cpu: [arm]
    os: [linux]
    requiresBuild: true
    dev: true
    optional: true

  /@esbuild/linux-ia32@0.23.1:
    resolution: {integrity: sha512-VTN4EuOHwXEkXzX5nTvVY4s7E/Krz7COC8xkftbbKRYAl96vPiUssGkeMELQMOnLOJ8k3BY1+ZY52tttZnHcXQ==}
    engines: {node: '>=18'}
    cpu: [ia32]
    os: [linux]
    requiresBuild: true
    dev: true
    optional: true

  /@esbuild/linux-loong64@0.23.1:
    resolution: {integrity: sha512-Vx09LzEoBa5zDnieH8LSMRToj7ir/Jeq0Gu6qJ/1GcBq9GkfoEAoXvLiW1U9J1qE/Y/Oyaq33w5p2ZWrNNHNEw==}
    engines: {node: '>=18'}
    cpu: [loong64]
    os: [linux]
    requiresBuild: true
    dev: true
    optional: true

  /@esbuild/linux-mips64el@0.23.1:
    resolution: {integrity: sha512-nrFzzMQ7W4WRLNUOU5dlWAqa6yVeI0P78WKGUo7lg2HShq/yx+UYkeNSE0SSfSure0SqgnsxPvmAUu/vu0E+3Q==}
    engines: {node: '>=18'}
    cpu: [mips64el]
    os: [linux]
    requiresBuild: true
    dev: true
    optional: true

  /@esbuild/linux-ppc64@0.23.1:
    resolution: {integrity: sha512-dKN8fgVqd0vUIjxuJI6P/9SSSe/mB9rvA98CSH2sJnlZ/OCZWO1DJvxj8jvKTfYUdGfcq2dDxoKaC6bHuTlgcw==}
    engines: {node: '>=18'}
    cpu: [ppc64]
    os: [linux]
    requiresBuild: true
    dev: true
    optional: true

  /@esbuild/linux-riscv64@0.23.1:
    resolution: {integrity: sha512-5AV4Pzp80fhHL83JM6LoA6pTQVWgB1HovMBsLQ9OZWLDqVY8MVobBXNSmAJi//Csh6tcY7e7Lny2Hg1tElMjIA==}
    engines: {node: '>=18'}
    cpu: [riscv64]
    os: [linux]
    requiresBuild: true
    dev: true
    optional: true

  /@esbuild/linux-s390x@0.23.1:
    resolution: {integrity: sha512-9ygs73tuFCe6f6m/Tb+9LtYxWR4c9yg7zjt2cYkjDbDpV/xVn+68cQxMXCjUpYwEkze2RcU/rMnfIXNRFmSoDw==}
    engines: {node: '>=18'}
    cpu: [s390x]
    os: [linux]
    requiresBuild: true
    dev: true
    optional: true

  /@esbuild/linux-x64@0.23.1:
    resolution: {integrity: sha512-EV6+ovTsEXCPAp58g2dD68LxoP/wK5pRvgy0J/HxPGB009omFPv3Yet0HiaqvrIrgPTBuC6wCH1LTOY91EO5hQ==}
    engines: {node: '>=18'}
    cpu: [x64]
    os: [linux]
    requiresBuild: true
    dev: true
    optional: true

  /@esbuild/netbsd-x64@0.23.1:
    resolution: {integrity: sha512-aevEkCNu7KlPRpYLjwmdcuNz6bDFiE7Z8XC4CPqExjTvrHugh28QzUXVOZtiYghciKUacNktqxdpymplil1beA==}
    engines: {node: '>=18'}
    cpu: [x64]
    os: [netbsd]
    requiresBuild: true
    dev: true
    optional: true

  /@esbuild/openbsd-arm64@0.23.1:
    resolution: {integrity: sha512-3x37szhLexNA4bXhLrCC/LImN/YtWis6WXr1VESlfVtVeoFJBRINPJ3f0a/6LV8zpikqoUg4hyXw0sFBt5Cr+Q==}
    engines: {node: '>=18'}
    cpu: [arm64]
    os: [openbsd]
    requiresBuild: true
    dev: true
    optional: true

  /@esbuild/openbsd-x64@0.23.1:
    resolution: {integrity: sha512-aY2gMmKmPhxfU+0EdnN+XNtGbjfQgwZj43k8G3fyrDM/UdZww6xrWxmDkuz2eCZchqVeABjV5BpildOrUbBTqA==}
    engines: {node: '>=18'}
    cpu: [x64]
    os: [openbsd]
    requiresBuild: true
    dev: true
    optional: true

  /@esbuild/sunos-x64@0.23.1:
    resolution: {integrity: sha512-RBRT2gqEl0IKQABT4XTj78tpk9v7ehp+mazn2HbUeZl1YMdaGAQqhapjGTCe7uw7y0frDi4gS0uHzhvpFuI1sA==}
    engines: {node: '>=18'}
    cpu: [x64]
    os: [sunos]
    requiresBuild: true
    dev: true
    optional: true

  /@esbuild/win32-arm64@0.23.1:
    resolution: {integrity: sha512-4O+gPR5rEBe2FpKOVyiJ7wNDPA8nGzDuJ6gN4okSA1gEOYZ67N8JPk58tkWtdtPeLz7lBnY6I5L3jdsr3S+A6A==}
    engines: {node: '>=18'}
    cpu: [arm64]
    os: [win32]
    requiresBuild: true
    dev: true
    optional: true

  /@esbuild/win32-ia32@0.23.1:
    resolution: {integrity: sha512-BcaL0Vn6QwCwre3Y717nVHZbAa4UBEigzFm6VdsVdT/MbZ38xoj1X9HPkZhbmaBGUD1W8vxAfffbDe8bA6AKnQ==}
    engines: {node: '>=18'}
    cpu: [ia32]
    os: [win32]
    requiresBuild: true
    dev: true
    optional: true

  /@esbuild/win32-x64@0.23.1:
    resolution: {integrity: sha512-BHpFFeslkWrXWyUPnbKm+xYYVYruCinGcftSBaa8zoF9hZO4BcSCFUvHVTtzpIY6YzUnYtuEhZ+C9iEXjxnasg==}
    engines: {node: '>=18'}
    cpu: [x64]
    os: [win32]
    requiresBuild: true
    dev: true
    optional: true

  /@graphql-typed-document-node/core@3.2.0(graphql@16.9.0):
    resolution: {integrity: sha512-mB9oAsNCm9aM3/SOv4YtBMqZbYj10R7dkq8byBqxGY/ncFwhf2oQzMV+LCRlWoDSEBJ3COiR1yeDvMtsoOsuFQ==}
    peerDependencies:
      graphql: ^0.8.0 || ^0.9.0 || ^0.10.0 || ^0.11.0 || ^0.12.0 || ^0.13.0 || ^14.0.0 || ^15.0.0 || ^16.0.0 || ^17.0.0
    dependencies:
      graphql: 16.9.0
    dev: false

  /@molt/command@0.9.0:
    resolution: {integrity: sha512-1JI8dAlpqlZoXyKWVQggX7geFNPxBpocHIXQCsnxDjKy+3WX4SGyZVJXuLlqRRrX7FmQCuuMAfx642ovXmPA9g==}
    dependencies:
      '@molt/types': 0.2.0
      alge: 0.8.1
      chalk: 5.3.0
      lodash.camelcase: 4.3.0
      lodash.snakecase: 4.1.1
      readline-sync: 1.4.10
      string-length: 6.0.0
      strip-ansi: 7.1.0
      ts-toolbelt: 9.6.0
      type-fest: 4.26.1
      zod: 3.23.8
    dev: false

  /@molt/types@0.2.0:
    resolution: {integrity: sha512-p6ChnEZDGjg9PYPec9BK6Yp5/DdSrYQvXTBAtgrnqX6N36cZy37ql1c8Tc5LclfIYBNG7EZp8NBcRTYJwyi84g==}
    dependencies:
      ts-toolbelt: 9.6.0
    dev: false

  /@types/node-fetch@2.6.11:
    resolution: {integrity: sha512-24xFj9R5+rfQJLRyM56qh+wnVSYhyXC2tkoBndtY0U+vubqNsYXGjufB2nn8Q6gt0LrARwL6UBtMCSVCwl4B1g==}
    dependencies:
      '@types/node': 18.19.50
      form-data: 4.0.0
    dev: false

  /@types/node@18.19.50:
    resolution: {integrity: sha512-xonK+NRrMBRtkL1hVCc3G+uXtjh1Al4opBLjqVmipe5ZAaBYWW6cNAiBVZ1BvmkBhep698rP3UM3aRAdSALuhg==}
    dependencies:
      undici-types: 5.26.5
    dev: false

  /abort-controller@3.0.0:
    resolution: {integrity: sha512-h8lQ8tacZYnR3vNQTgibj+tODHI5/+l06Au2Pcriv/Gmet0eaj4TwWH41sO9wnHDiQsEj19q0drzdWdeAHtweg==}
    engines: {node: '>=6.5'}
    dependencies:
      event-target-shim: 5.0.1
    dev: false

  /agentkeepalive@4.5.0:
    resolution: {integrity: sha512-5GG/5IbQQpC9FpkRGsSvZI5QYeSCzlJHdpBQntCsuTOxhKD8lqKhrleg2Yi7yvMIf82Ycmmqln9U8V9qwEiJew==}
    engines: {node: '>= 8.0.0'}
    dependencies:
      humanize-ms: 1.2.1
    dev: false

  /alge@0.8.1:
    resolution: {integrity: sha512-kiV9nTt+XIauAXsowVygDxMZLplZxDWt0W8plE/nB32/V2ziM/P/TxDbSVK7FYIUt2Xo16h3/htDh199LNPCKQ==}
    dependencies:
      lodash.ismatch: 4.4.0
      remeda: 1.61.0
      ts-toolbelt: 9.6.0
      zod: 3.23.8
    dev: false

  /ansi-regex@6.1.0:
    resolution: {integrity: sha512-7HSX4QQb4CspciLpVFwyRe79O3xsIZDDLER21kERQ71oaPodF8jL725AgJMFAYbooIqolJoRLuM81SpeUkpkvA==}
    engines: {node: '>=12'}
    dev: false

  /asynckit@0.4.0:
    resolution: {integrity: sha512-Oei9OH4tRh0YqU3GxhX79dM/mwVgvbZJaSNaRk+bshkj0S5cfHcgYakreBjrHwatXKbz+IoIdYLxrKim2MjW0Q==}
    dev: false

  /chalk@5.3.0:
    resolution: {integrity: sha512-dLitG79d+GV1Nb/VYcCDFivJeK1hiukt9QjRNVOsUtTy1rR1YJsmpGGTZ3qJos+uw7WmWF4wUwBd9jxjocFC2w==}
    engines: {node: ^12.17.0 || ^14.13 || >=16.0.0}
    dev: false

  /combined-stream@1.0.8:
    resolution: {integrity: sha512-FQN4MRfuJeHf7cBbBMJFXhKSDq+2kAArBlmRBvcvFE5BB1HZKXtSFASDhdlz9zOYwxh8lDdnvmMOe/+5cdoEdg==}
    engines: {node: '>= 0.8'}
    dependencies:
      delayed-stream: 1.0.0
    dev: false

  /delayed-stream@1.0.0:
    resolution: {integrity: sha512-ZySD7Nf91aLB0RxL4KGrKHBXl7Eds1DAmEdcoVawXnLD7SDhpNgtuII2aAkg7a7QS41jxPSZ17p4VdGnMHk3MQ==}
    engines: {node: '>=0.4.0'}
    dev: false

  /esbuild@0.23.1:
    resolution: {integrity: sha512-VVNz/9Sa0bs5SELtn3f7qhJCDPCF5oMEl5cO9/SSinpE9hbPVvxbd572HH5AKiP7WD8INO53GgfDDhRjkylHEg==}
    engines: {node: '>=18'}
    hasBin: true
    requiresBuild: true
    optionalDependencies:
      '@esbuild/aix-ppc64': 0.23.1
      '@esbuild/android-arm': 0.23.1
      '@esbuild/android-arm64': 0.23.1
      '@esbuild/android-x64': 0.23.1
      '@esbuild/darwin-arm64': 0.23.1
      '@esbuild/darwin-x64': 0.23.1
      '@esbuild/freebsd-arm64': 0.23.1
      '@esbuild/freebsd-x64': 0.23.1
      '@esbuild/linux-arm': 0.23.1
      '@esbuild/linux-arm64': 0.23.1
      '@esbuild/linux-ia32': 0.23.1
      '@esbuild/linux-loong64': 0.23.1
      '@esbuild/linux-mips64el': 0.23.1
      '@esbuild/linux-ppc64': 0.23.1
      '@esbuild/linux-riscv64': 0.23.1
      '@esbuild/linux-s390x': 0.23.1
      '@esbuild/linux-x64': 0.23.1
      '@esbuild/netbsd-x64': 0.23.1
      '@esbuild/openbsd-arm64': 0.23.1
      '@esbuild/openbsd-x64': 0.23.1
      '@esbuild/sunos-x64': 0.23.1
      '@esbuild/win32-arm64': 0.23.1
      '@esbuild/win32-ia32': 0.23.1
      '@esbuild/win32-x64': 0.23.1
    dev: true

  /event-target-shim@5.0.1:
    resolution: {integrity: sha512-i/2XbnSz/uxRCU6+NdVJgKWDTM427+MqYbkQzD321DuCQJUqOuJKIA0IM2+W2xtYHdKOmZ4dR6fExsd4SXL+WQ==}
    engines: {node: '>=6'}
    dev: false

  /fast-xml-parser@4.5.0:
    resolution: {integrity: sha512-/PlTQCI96+fZMAOLMZK4CWG1ItCbfZ/0jx7UIJFChPNrx7tcEgerUgWbeieCM9MfHInUDyK8DWYZ+YrywDJuTg==}
    hasBin: true
    dependencies:
      strnum: 1.0.5
    dev: false

  /form-data-encoder@1.7.2:
    resolution: {integrity: sha512-qfqtYan3rxrnCk1VYaA4H+Ms9xdpPqvLZa6xmMgFvhO32x7/3J/ExcTd6qpxM0vH2GdMI+poehyBZvqfMTto8A==}
    dev: false

  /form-data@4.0.0:
    resolution: {integrity: sha512-ETEklSGi5t0QMZuiXoA/Q6vcnxcLQP5vdugSpuAyi6SVGi2clPPp+xgEhuMaHC+zGgn31Kd235W35f7Hykkaww==}
    engines: {node: '>= 6'}
    dependencies:
      asynckit: 0.4.0
      combined-stream: 1.0.8
      mime-types: 2.1.35
    dev: false

  /formdata-node@4.4.1:
    resolution: {integrity: sha512-0iirZp3uVDjVGt9p49aTaqjk84TrglENEDuqfdlZQ1roC9CWlPk6Avf8EEnZNcAqPonwkG35x4n3ww/1THYAeQ==}
    engines: {node: '>= 12.20'}
    dependencies:
      node-domexception: 1.0.0
      web-streams-polyfill: 4.0.0-beta.3
    dev: false

  /fsevents@2.3.3:
    resolution: {integrity: sha512-5xoDfX+fL7faATnagmWPpbFtwh/R77WmMMqqHGS65C3vvB0YHrgF+B1YmZ3441tMj5n63k0212XNoJwzlhffQw==}
    engines: {node: ^8.16.0 || ^10.6.0 || >=11.0.0}
    os: [darwin]
    requiresBuild: true
    dev: true
    optional: true

  /get-tsconfig@4.8.1:
    resolution: {integrity: sha512-k9PN+cFBmaLWtVz29SkUoqU5O0slLuHJXt/2P+tMVFT+phsSGXGkp9t3rQIqdz0e+06EHNGs3oM6ZX1s2zHxRg==}
    dependencies:
      resolve-pkg-maps: 1.0.0
    dev: true

  /graphql-request@7.1.0(graphql@16.9.0):
    resolution: {integrity: sha512-Ouu/lYVFhARS1aXeZoVJWnGT6grFJXTLwXJuK4mUGGRo0EUk1JkyYp43mdGmRgUVezpRm6V5Sq3t8jBDQcajng==}
    hasBin: true
    peerDependencies:
      '@dprint/formatter': ^0.3.0
      '@dprint/typescript': ^0.91.1
      dprint: ^0.46.2
      graphql: 14 - 16
    peerDependenciesMeta:
      '@dprint/formatter':
        optional: true
      '@dprint/typescript':
        optional: true
      dprint:
        optional: true
    dependencies:
      '@graphql-typed-document-node/core': 3.2.0(graphql@16.9.0)
      '@molt/command': 0.9.0
      graphql: 16.9.0
      zod: 3.23.8
    dev: false

  /graphql@16.9.0:
    resolution: {integrity: sha512-GGTKBX4SD7Wdb8mqeDLni2oaRGYQWjWHGKPQ24ZMnUtKfcsVoiv4uX8+LJr1K6U5VW2Lu1BwJnj7uiori0YtRw==}
    engines: {node: ^12.22.0 || ^14.16.0 || ^16.0.0 || >=17.0.0}
    dev: false

  /humanize-ms@1.2.1:
    resolution: {integrity: sha512-Fl70vYtsAFb/C06PTS9dZBo7ihau+Tu/DNCk/OyHhea07S+aeMWpFFkUaXRa8fI+ScZbEI8dfSxwY7gxZ9SAVQ==}
    dependencies:
      ms: 2.1.3
    dev: false

  /lodash.camelcase@4.3.0:
    resolution: {integrity: sha512-TwuEnCnxbc3rAvhf/LbG7tJUDzhqXyFnv3dtzLOPgCG/hODL7WFnsbwktkD7yUV0RrreP/l1PALq/YSg6VvjlA==}
    dev: false

  /lodash.ismatch@4.4.0:
    resolution: {integrity: sha512-fPMfXjGQEV9Xsq/8MTSgUf255gawYRbjwMyDbcvDhXgV7enSZA0hynz6vMPnpAb5iONEzBHBPsT+0zes5Z301g==}
    dev: false

  /lodash.snakecase@4.1.1:
    resolution: {integrity: sha512-QZ1d4xoBHYUeuouhEq3lk3Uq7ldgyFXGBhg04+oRLnIz8o9T65Eh+8YdroUwn846zchkA9yDsDl5CVVaV2nqYw==}
    dev: false

  /mime-db@1.52.0:
    resolution: {integrity: sha512-sPU4uV7dYlvtWJxwwxHD0PuihVNiE7TyAbQ5SWxDCB9mUYvOgroQOwYQQOKPJ8CIbE+1ETVlOoK1UC2nU3gYvg==}
    engines: {node: '>= 0.6'}
    dev: false

  /mime-types@2.1.35:
    resolution: {integrity: sha512-ZDY+bPm5zTTF+YpCrAU9nK0UgICYPT0QtT1NZWFv4s++TNkcgVaT0g6+4R2uI4MjQjzysHB1zxuWL50hzaeXiw==}
    engines: {node: '>= 0.6'}
    dependencies:
      mime-db: 1.52.0
    dev: false

  /ms@2.1.3:
    resolution: {integrity: sha512-6FlzubTLZG3J2a/NVCAleEhjzq5oxgHyaCU9yYXvcLsvoVaHJq/s5xXI6/XXP6tz7R9xAOtHnSO/tXtF3WRTlA==}
    dev: false

  /node-domexception@1.0.0:
    resolution: {integrity: sha512-/jKZoMpw0F8GRwl4/eLROPA3cfcXtLApP0QzLmUT/HuPCZWyB7IY9ZrMeKw2O/nFIqPQB3PVM9aYm0F312AXDQ==}
    engines: {node: '>=10.5.0'}
    dev: false

  /node-fetch@2.7.0:
    resolution: {integrity: sha512-c4FRfUm/dbcWZ7U+1Wq0AwCyFL+3nt2bEw05wfxSz+DWpWsitgmSgYmy2dQdWyKC1694ELPqMs/YzUSNozLt8A==}
    engines: {node: 4.x || >=6.0.0}
    peerDependencies:
      encoding: ^0.1.0
    peerDependenciesMeta:
      encoding:
        optional: true
    dependencies:
      whatwg-url: 5.0.0
    dev: false

  /openai@4.63.0:
    resolution: {integrity: sha512-Y9V4KODbmrOpqiOmCDVnPfMxMqKLOx8Hwcdn/r8mePq4yv7FSXGnxCs8/jZKO7zCB/IVPWihpJXwJNAIOEiZ2g==}
    hasBin: true
    peerDependencies:
      zod: ^3.23.8
    peerDependenciesMeta:
      zod:
        optional: true
    dependencies:
      '@types/node': 18.19.50
      '@types/node-fetch': 2.6.11
      abort-controller: 3.0.0
      agentkeepalive: 4.5.0
      form-data-encoder: 1.7.2
      formdata-node: 4.4.1
      node-fetch: 2.7.0
    transitivePeerDependencies:
      - encoding
    dev: false

  /readline-sync@1.4.10:
    resolution: {integrity: sha512-gNva8/6UAe8QYepIQH/jQ2qn91Qj0B9sYjMBBs3QOB8F2CXcKgLxQaJRP76sWVRQt+QU+8fAkCbCvjjMFu7Ycw==}
    engines: {node: '>= 0.8.0'}
    dev: false

  /remeda@1.61.0:
    resolution: {integrity: sha512-caKfSz9rDeSKBQQnlJnVW3mbVdFgxgGWQKq1XlFokqjf+hQD5gxutLGTTY2A/x24UxVyJe9gH5fAkFI63ULw4A==}
    dev: false

  /resolve-pkg-maps@1.0.0:
    resolution: {integrity: sha512-seS2Tj26TBVOC2NIc2rOe2y2ZO7efxITtLZcGSOnHHNOQ7CkiUBfw0Iw2ck6xkIhPwLhKNLS8BO+hEpngQlqzw==}
    dev: true

  /string-length@6.0.0:
    resolution: {integrity: sha512-1U361pxZHEQ+FeSjzqRpV+cu2vTzYeWeafXFLykiFlv4Vc0n3njgU8HrMbyik5uwm77naWMuVG8fhEF+Ovb1Kg==}
    engines: {node: '>=16'}
    dependencies:
      strip-ansi: 7.1.0
    dev: false

  /strip-ansi@7.1.0:
    resolution: {integrity: sha512-iq6eVVI64nQQTRYq2KtEg2d2uU7LElhTJwsH4YzIHZshxlgZms/wIc4VoDQTlG/IvVIrBKG06CrZnp0qv7hkcQ==}
    engines: {node: '>=12'}
    dependencies:
      ansi-regex: 6.1.0
    dev: false

  /strnum@1.0.5:
    resolution: {integrity: sha512-J8bbNyKKXl5qYcR36TIO8W3mVGVHrmmxsd5PAItGkmyzwJvybiw2IVq5nqd0i4LSNSkB/sx9VHllbfFdr9k1JA==}
    dev: false

  /tr46@0.0.3:
    resolution: {integrity: sha512-N3WMsuqV66lT30CrXNbEjx4GEwlow3v6rr4mCcv6prnfwhS01rkgyFdjPNBYd9br7LpXV1+Emh01fHnq2Gdgrw==}
    dev: false

  /ts-toolbelt@9.6.0:
    resolution: {integrity: sha512-nsZd8ZeNUzukXPlJmTBwUAuABDe/9qtVDelJeT/qW0ow3ZS3BsQJtNkan1802aM9Uf68/Y8ljw86Hu0h5IUW3w==}
    dev: false

  /tsx@4.19.1:
    resolution: {integrity: sha512-0flMz1lh74BR4wOvBjuh9olbnwqCPc35OOlfyzHba0Dc+QNUeWX/Gq2YTbnwcWPO3BMd8fkzRVrHcsR+a7z7rA==}
    engines: {node: '>=18.0.0'}
    hasBin: true
    dependencies:
      esbuild: 0.23.1
      get-tsconfig: 4.8.1
    optionalDependencies:
      fsevents: 2.3.3
    dev: true

  /type-fest@4.26.1:
    resolution: {integrity: sha512-yOGpmOAL7CkKe/91I5O3gPICmJNLJ1G4zFYVAsRHg7M64biSnPtRj0WNQt++bRkjYOqjWXrhnUw1utzmVErAdg==}
    engines: {node: '>=16'}
    dev: false

  /typescript@5.6.2:
    resolution: {integrity: sha512-NW8ByodCSNCwZeghjN3o+JX5OFH0Ojg6sadjEKY4huZ52TqbJTJnDo5+Tw98lSy63NZvi4n+ez5m2u5d4PkZyw==}
    engines: {node: '>=14.17'}
    hasBin: true
    dev: true

  /undici-types@5.26.5:
    resolution: {integrity: sha512-JlCMO+ehdEIKqlFxk6IfVoAUVmgz7cU7zD/h9XZ0qzeosSHmUJVOzSQvvYSYWXkFXC+IfLKSIffhv0sVZup6pA==}
    dev: false

  /web-streams-polyfill@4.0.0-beta.3:
    resolution: {integrity: sha512-QW95TCTaHmsYfHDybGMwO5IJIM93I/6vTRk+daHTWFPhwh+C8Cg7j7XyKrwrj8Ib6vYXe0ocYNrmzY4xAAN6ug==}
    engines: {node: '>= 14'}
    dev: false

  /webidl-conversions@3.0.1:
    resolution: {integrity: sha512-2JAn3z8AR6rjK8Sm8orRC0h/bcl/DqL7tRPdGZ4I1CjdF+EaMLmYxBHyXuKL849eucPFhvBoxMsflfOb8kxaeQ==}
    dev: false

  /whatwg-url@5.0.0:
    resolution: {integrity: sha512-saE57nupxk6v3HY35+jzBwYa0rKSy0XR8JSxZPwgLr7ys0IBzhGviA1/TUGJLmSVqs8pb9AnvICXEuOHLprYTw==}
    dependencies:
      tr46: 0.0.3
      webidl-conversions: 3.0.1
    dev: false

  /zod@3.23.8:
    resolution: {integrity: sha512-XBx9AXhXktjUqnepgTiE5flcKIYWi/rme0Eaj+5Y0lftuGBq+jyRu/md4WnuxqgP1ubdpNCsYEYPxrzVHD8d6g==}
    dev: false
